
Microsoft Visual Studio Solution File, Format Version 12.00
# Visual Studio Version 16
VisualStudioVersion = 16.0.30011.22
MinimumVisualStudioVersion = 10.0.40219.1
Project("{8BC9CEB8-8B4A-11D0-8D11-00A0C91BC942}") = "37", "37.vcxproj", "{945708F1-FBD6-43FB-BF8E-4BDEC3CC5BFD}"
EndProject
Global
	GlobalSection(SolutionConfigurationPlatforms) = preSolution
		Debug|x64 = Debug|x64
		Debug|x86 = Debug|x86
		Release|x64 = Release|x64
		Release|x86 = Release|x86
	EndGlobalSection
	GlobalSection(ProjectConfigurationPlatforms) = postSolution
		{945708F1-FBD6-43FB-BF8E-4BDEC3CC5BFD}.Debug|x64.ActiveCfg = Debug|x64
		{945708F1-FBD6-43FB-BF8E-4BDEC3CC5BFD}.Debug|x64.Build.0 = Debug|x64
		{945708F1-FBD6-43FB-BF8E-4BDEC3CC5BFD}.Debug|x86.ActiveCfg = Debug|Win32
		{945708F1-FBD6-43FB-BF8E-4BDEC3CC5BFD}.Debug|x86.Build.0 = Debug|Win32
		{945708F1-FBD6-43FB-BF8E-4BDEC3CC5BFD}.Release|x64.ActiveCfg = Release|x64
		{945708F1-FBD6-43FB-BF8E-4BDEC3CC5BFD}.Release|x64.Build.0 = Release|x64
		{945708F1-FBD6-43FB-BF8E-4BDEC3CC5BFD}.Release|x86.ActiveCfg = Release|Win32
		{945708F1-FBD6-43FB-BF8E-4BDEC3CC5BFD}.Release|x86.Build.0 = Release|Win32
	EndGlobalSection
	GlobalSection(SolutionProperties) = preSolution
		HideSolutionNode = FALSE
	EndGlobalSection
	GlobalSection(ExtensibilityGlobals) = postSolution
		SolutionGuid = {CCCC3AF5-98BF-423A-860C-4BC5FE8CD9A4}
	EndGlobalSection
EndGlobal
